
Microsoft Visual Studio Solution File, Format Version 12.00
# Visual Studio Version 17
VisualStudioVersion = 17.5.33516.290
MinimumVisualStudioVersion = 10.0.40219.1
Project("{FAE04EC0-301F-11D3-BF4B-00C04F79EFBC}") = "ConsoleApp4", "ConsoleApp4.csproj", "{08E3A5B5-4599-4F06-852C-AC0301BB6F61}"
EndProject
Global
	GlobalSection(SolutionConfigurationPlatforms) = preSolution
		Debug|Any CPU = Debug|Any CPU
		Release|Any CPU = Release|Any CPU
	EndGlobalSection
	GlobalSection(ProjectConfigurationPlatforms) = postSolution
		{08E3A5B5-4599-4F06-852C-AC0301BB6F61}.Debug|Any CPU.ActiveCfg = Debug|Any CPU
		{08E3A5B5-4599-4F06-852C-AC0301BB6F61}.Debug|Any CPU.Build.0 = Debug|Any CPU
		{08E3A5B5-4599-4F06-852C-AC0301BB6F61}.Release|Any CPU.ActiveCfg = Release|Any CPU
		{08E3A5B5-4599-4F06-852C-AC0301BB6F61}.Release|Any CPU.Build.0 = Release|Any CPU
	EndGlobalSection
	GlobalSection(SolutionProperties) = preSolution
		HideSolutionNode = FALSE
	EndGlobalSection
	GlobalSection(ExtensibilityGlobals) = postSolution
		SolutionGuid = {2EB1062B-A93A-475A-BBCB-C56FD5A0682C}
	EndGlobalSection
EndGlobal
